
Microsoft Visual Studio Solution File, Format Version 12.00
# Visual Studio 15
VisualStudioVersion = 15.0.27703.2035
MinimumVisualStudioVersion = 10.0.40219.1
Project("{FAE04EC0-301F-11D3-BF4B-00C04F79EFBC}") = "MVC_Learning", "MVC_Learning\MVC_Learning.csproj", "{905B6533-79AF-4938-A55A-AC006B76D83B}"
EndProject
Global
	GlobalSection(SolutionConfigurationPlatforms) = preSolution
		Debug|Any CPU = Debug|Any CPU
		Release|Any CPU = Release|Any CPU
	EndGlobalSection
	GlobalSection(ProjectConfigurationPlatforms) = postSolution
		{905B6533-79AF-4938-A55A-AC006B76D83B}.Debug|Any CPU.ActiveCfg = Debug|Any CPU
		{905B6533-79AF-4938-A55A-AC006B76D83B}.Debug|Any CPU.Build.0 = Debug|Any CPU
		{905B6533-79AF-4938-A55A-AC006B76D83B}.Release|Any CPU.ActiveCfg = Release|Any CPU
		{905B6533-79AF-4938-A55A-AC006B76D83B}.Release|Any CPU.Build.0 = Release|Any CPU
	EndGlobalSection
	GlobalSection(SolutionProperties) = preSolution
		HideSolutionNode = FALSE
	EndGlobalSection
	GlobalSection(ExtensibilityGlobals) = postSolution
		SolutionGuid = {39B9821E-B3EE-40C1-B6D7-BA78D020D70A}
	EndGlobalSection
EndGlobal
